
Microsoft Visual Studio Solution File, Format Version 12.00
# Visual Studio 2013
VisualStudioVersion = 12.0.21005.1
MinimumVisualStudioVersion = 10.0.40219.1
Project("{FAE04EC0-301F-11D3-BF4B-00C04F79EFBC}") = "Repository", "Repository\Repository.csproj", "{0F5C261A-9C5F-4C6F-94DA-91397B26B52D}"
EndProject
Project("{FAE04EC0-301F-11D3-BF4B-00C04F79EFBC}") = "CMS", "CMS\CMS.csproj", "{D7EB83F9-6D94-4D32-B598-F343DF935AF0}"
EndProject
Project("{FAE04EC0-301F-11D3-BF4B-00C04F79EFBC}") = "WWW", "WWW\WWW.csproj", "{7CBD0154-B7AD-49C2-BDD1-BB8962975A16}"
EndProject
Global
	GlobalSection(SolutionConfigurationPlatforms) = preSolution
		Debug|Any CPU = Debug|Any CPU
		Release|Any CPU = Release|Any CPU
	EndGlobalSection
	GlobalSection(ProjectConfigurationPlatforms) = postSolution
		{0F5C261A-9C5F-4C6F-94DA-91397B26B52D}.Debug|Any CPU.ActiveCfg = Debug|Any CPU
		{0F5C261A-9C5F-4C6F-94DA-91397B26B52D}.Debug|Any CPU.Build.0 = Debug|Any CPU
		{0F5C261A-9C5F-4C6F-94DA-91397B26B52D}.Release|Any CPU.ActiveCfg = Release|Any CPU
		{0F5C261A-9C5F-4C6F-94DA-91397B26B52D}.Release|Any CPU.Build.0 = Release|Any CPU
		{D7EB83F9-6D94-4D32-B598-F343DF935AF0}.Debug|Any CPU.ActiveCfg = Debug|Any CPU
		{D7EB83F9-6D94-4D32-B598-F343DF935AF0}.Debug|Any CPU.Build.0 = Debug|Any CPU
		{D7EB83F9-6D94-4D32-B598-F343DF935AF0}.Release|Any CPU.ActiveCfg = Release|Any CPU
		{D7EB83F9-6D94-4D32-B598-F343DF935AF0}.Release|Any CPU.Build.0 = Release|Any CPU
		{7CBD0154-B7AD-49C2-BDD1-BB8962975A16}.Debug|Any CPU.ActiveCfg = Debug|Any CPU
		{7CBD0154-B7AD-49C2-BDD1-BB8962975A16}.Debug|Any CPU.Build.0 = Debug|Any CPU
		{7CBD0154-B7AD-49C2-BDD1-BB8962975A16}.Release|Any CPU.ActiveCfg = Release|Any CPU
		{7CBD0154-B7AD-49C2-BDD1-BB8962975A16}.Release|Any CPU.Build.0 = Release|Any CPU
	EndGlobalSection
	GlobalSection(SolutionProperties) = preSolution
		HideSolutionNode = FALSE
	EndGlobalSection
EndGlobal
